# This file is automatically @generated by Cargo.
# It is not intended for manual editing.
version = 4

[[package]]
name = "roster-core"
version = "0.1.0"

[[package]]
name = "roster-detect"
version = "0.1.0"
dependencies = [
 "roster-core",
]

[[package]]
name = "roster-tui"
version = "0.1.0"
dependencies = [
 "roster-core",
 "roster-detect",
]
